// !$*UTF8*$!
{
	archiveVersion = 1;
	classes = {
	};
	objectVersion = 46;
	objects = {

/* Begin PBXBuildFile section */
		43C1742E1DC09F4600E59E48 /* main.swift in Sources */ = {isa = PBXBuildFile; fileRef = 43C1742D1DC09F4600E59E48 /* main.swift */; };
		43C174371DC0DE7500E59E48 /* csvHelper.swift in Sources */ = {isa = PBXBuildFile; fileRef = 43C174361DC0DE7500E59E48 /* csvHelper.swift */; };
		CB393AD41F19583A6C204F7A /* Pods_Olympic.framework in Frameworks */ = {isa = PBXBuildFile; fileRef = 8A204E0AC6104ACFF66ED539 /* Pods_Olympic.framework */; };
/* End PBXBuildFile section */

/* Begin PBXCopyFilesBuildPhase section */
		43C174281DC09F4600E59E48 /* CopyFiles */ = {
			isa = PBXCopyFilesBuildPhase;
			buildActionMask = 2147483647;
			dstPath = /usr/share/man/man1/;
			dstSubfolderSpec = 0;
			files = (
			);
			runOnlyForDeploymentPostprocessing = 1;
		};
/* End PBXCopyFilesBuildPhase section */

/* Begin PBXFileReference section */
		43C1742A1DC09F4600E59E48 /* Olympic */ = {isa = PBXFileReference; explicitFileType = "compiled.mach-o.executable"; includeInIndex = 0; path = Olympic; sourceTree = BUILT_PRODUCTS_DIR; };
		43C1742D1DC09F4600E59E48 /* main.swift */ = {isa = PBXFileReference; lastKnownFileType = sourcecode.swift; path = main.swift; sourceTree = "<group>"; };
		43C174351DC0DE1500E59E48 /* golds.csv */ = {isa = PBXFileReference; lastKnownFileType = text; name = golds.csv; path = ../golds.csv; sourceTree = "<group>"; };
		43C174361DC0DE7500E59E48 /* csvHelper.swift */ = {isa = PBXFileReference; fileEncoding = 4; lastKnownFileType = sourcecode.swift; path = csvHelper.swift; sourceTree = "<group>"; };
		8A204E0AC6104ACFF66ED539 /* Pods_Olympic.framework */ = {isa = PBXFileReference; explicitFileType = wrapper.framework; includeInIndex = 0; path = Pods_Olympic.framework; sourceTree = BUILT_PRODUCTS_DIR; };
		CBA30807A7A34361A11A300D /* Pods-Olympic.release.xcconfig */ = {isa = PBXFileReference; includeInIndex = 1; lastKnownFileType = text.xcconfig; name = "Pods-Olympic.release.xcconfig"; path = "Pods/Target Support Files/Pods-Olympic/Pods-Olympic.release.xcconfig"; sourceTree = "<group>"; };
		D4C481053AA9BF32C0F606F9 /* Pods-Olympic.debug.xcconfig */ = {isa = PBXFileReference; includeInIndex = 1; lastKnownFileType = text.xcconfig; name = "Pods-Olympic.debug.xcconfig"; path = "Pods/Target Support Files/Pods-Olympic/Pods-Olympic.debug.xcconfig"; sourceTree = "<group>"; };
/* End PBXFileReference section */

/* Begin PBXFrameworksBuildPhase section */
		43C174271DC09F4600E59E48 /* Frameworks */ = {
			isa = PBXFrameworksBuildPhase;
			buildActionMask = 2147483647;
			files = (
				CB393AD41F19583A6C204F7A /* Pods_Olympic.framework in Frameworks */,
			);
			runOnlyForDeploymentPostprocessing = 0;
		};
/* End PBXFrameworksBuildPhase section */

/* Begin PBXGroup section */
		3D16CE81D92CAE607753D378 /* Pods */ = {
			isa = PBXGroup;
			children = (
				D4C481053AA9BF32C0F606F9 /* Pods-Olympic.debug.xcconfig */,
				CBA30807A7A34361A11A300D /* Pods-Olympic.release.xcconfig */,
			);
			name = Pods;
			sourceTree = "<group>";
		};
		43C174211DC09F4600E59E48 = {
			isa = PBXGroup;
			children = (
				43C1742C1DC09F4600E59E48 /* Olympic */,
				43C1742B1DC09F4600E59E48 /* Products */,
				3D16CE81D92CAE607753D378 /* Pods */,
				825C3FEE4601D3E0570F9D44 /* Frameworks */,
			);
			sourceTree = "<group>";
		};
		43C1742B1DC09F4600E59E48 /* Products */ = {
			isa = PBXGroup;
			children = (
				43C1742A1DC09F4600E59E48 /* Olympic */,
			);
			name = Products;
			sourceTree = "<group>";
		};
		43C1742C1DC09F4600E59E48 /* Olympic */ = {
			isa = PBXGroup;
			children = (
				43C174351DC0DE1500E59E48 /* golds.csv */,
				43C1742D1DC09F4600E59E48 /* main.swift */,
				43C174361DC0DE7500E59E48 /* csvHelper.swift */,
			);
			path = Olympic;
			sourceTree = "<group>";
		};
		825C3FEE4601D3E0570F9D44 /* Frameworks */ = {
			isa = PBXGroup;
			children = (
				8A204E0AC6104ACFF66ED539 /* Pods_Olympic.framework */,
			);
			name = Frameworks;
			sourceTree = "<group>";
		};
/* End PBXGroup section */

/* Begin PBXNativeTarget section */
		43C174291DC09F4600E59E48 /* Olympic */ = {
			isa = PBXNativeTarget;
			buildConfigurationList = 43C174311DC09F4600E59E48 /* Build configuration list for PBXNativeTarget "Olympic" */;
			buildPhases = (
				DBF6F9CB0D09113CF78E4474 /* [CP] Check Pods Manifest.lock */,
				43C174261DC09F4600E59E48 /* Sources */,
				43C174271DC09F4600E59E48 /* Frameworks */,
				43C174281DC09F4600E59E48 /* CopyFiles */,
				F901C767DF5D911462A1FFCB /* [CP] Copy Pods Resources */,
			);
			buildRules = (
			);
			dependencies = (
			);
			name = Olympic;
			productName = Olympic;
			productReference = 43C1742A1DC09F4600E59E48 /* Olympic */;
			productType = "com.apple.product-type.tool";
		};
/* End PBXNativeTarget section */

/* Begin PBXProject section */
		43C174221DC09F4600E59E48 /* Project object */ = {
			isa = PBXProject;
			attributes = {
				LastSwiftUpdateCheck = 0800;
				LastUpgradeCheck = 0800;
				ORGANIZATIONNAME = Pam;
				TargetAttributes = {
					43C174291DC09F4600E59E48 = {
						CreatedOnToolsVersion = 8.0;
						LastSwiftMigration = 0800;
						ProvisioningStyle = Automatic;
					};
				};
			};
			buildConfigurationList = 43C174251DC09F4600E59E48 /* Build configuration list for PBXProject "Olympic" */;
			compatibilityVersion = "Xcode 3.2";
			developmentRegion = English;
			hasScannedForEncodings = 0;
			knownRegions = (
				en,
			);
			mainGroup = 43C174211DC09F4600E59E48;
			productRefGroup = 43C1742B1DC09F4600E59E48 /* Products */;
			projectDirPath = "";
			projectRoot = "";
			targets = (
				43C174291DC09F4600E59E48 /* Olympic */,
			);
		};
/* End PBXProject section */

/* Begin PBXShellScriptBuildPhase section */
		DBF6F9CB0D09113CF78E4474 /* [CP] Check Pods Manifest.lock */ = {
			isa = PBXShellScriptBuildPhase;
			buildActionMask = 2147483647;
			files = (
			);
			inputPaths = (
			);
			name = "[CP] Check Pods Manifest.lock";
			outputPaths = (
			);
			runOnlyForDeploymentPostprocessing = 0;
			shellPath = /bin/sh;
			shellScript = "diff \"${PODS_ROOT}/../Podfile.lock\" \"${PODS_ROOT}/Manifest.lock\" > /dev/null\nif [[ $? != 0 ]] ; then\n    cat << EOM\nerror: The sandbox is not in sync with the Podfile.lock. Run 'pod install' or update your CocoaPods installation.\nEOM\n    exit 1\nfi\n";
			showEnvVarsInLog = 0;
		};
		F901C767DF5D911462A1FFCB /* [CP] Copy Pods Resources */ = {
			isa = PBXShellScriptBuildPhase;
			buildActionMask = 2147483647;
			files = (
			);
			inputPaths = (
			);
			name = "[CP] Copy Pods Resources";
			outputPaths = (
			);
			runOnlyForDeploymentPostprocessing = 0;
			shellPath = /bin/sh;
			shellScript = "\"${SRCROOT}/Pods/Target Support Files/Pods-Olympic/Pods-Olympic-resources.sh\"\n";
			showEnvVarsInLog = 0;
		};
/* End PBXShellScriptBuildPhase section */

/* Begin PBXSourcesBuildPhase section */
		43C174261DC09F4600E59E48 /* Sources */ = {
			isa = PBXSourcesBuildPhase;
			buildActionMask = 2147483647;
			files = (
				43C174371DC0DE7500E59E48 /* csvHelper.swift in Sources */,
				43C1742E1DC09F4600E59E48 /* main.swift in Sources */,
			);
			runOnlyForDeploymentPostprocessing = 0;
		};
/* End PBXSourcesBuildPhase section */

/* Begin XCBuildConfiguration section */
		43C1742F1DC09F4600E59E48 /* Debug */ = {
			isa = XCBuildConfiguration;
			buildSettings = {
				ALWAYS_SEARCH_USER_PATHS = NO;
				CLANG_ANALYZER_NONNULL = YES;
				CLANG_CXX_LANGUAGE_STANDARD = "gnu++0x";
				CLANG_CXX_LIBRARY = "libc++";
				CLANG_ENABLE_MODULES = YES;
				CLANG_ENABLE_OBJC_ARC = YES;
				CLANG_WARN_BOOL_CONVERSION = YES;
				CLANG_WARN_CONSTANT_CONVERSION = YES;
				CLANG_WARN_DIRECT_OBJC_ISA_USAGE = YES_ERROR;
				CLANG_WARN_DOCUMENTATION_COMMENTS = YES;
				CLANG_WARN_EMPTY_BODY = YES;
				CLANG_WARN_ENUM_CONVERSION = YES;
				CLANG_WARN_INFINITE_RECURSION = YES;
				CLANG_WARN_INT_CONVERSION = YES;
				CLANG_WARN_OBJC_ROOT_CLASS = YES_ERROR;
				CLANG_WARN_SUSPICIOUS_MOVES = YES;
				CLANG_WARN_UNREACHABLE_CODE = YES;
				CLANG_WARN__DUPLICATE_METHOD_MATCH = YES;
				CODE_SIGN_IDENTITY = "-";
				COPY_PHASE_STRIP = NO;
				DEBUG_INFORMATION_FORMAT = dwarf;
				ENABLE_STRICT_OBJC_MSGSEND = YES;
				ENABLE_TESTABILITY = YES;
				GCC_C_LANGUAGE_STANDARD = gnu99;
				GCC_DYNAMIC_NO_PIC = NO;
				GCC_NO_COMMON_BLOCKS = YES;
				GCC_OPTIMIZATION_LEVEL = 0;
				GCC_PREPROCESSOR_DEFINITIONS = (
					"DEBUG=1",
					"$(inherited)",
				);
				GCC_WARN_64_TO_32_BIT_CONVERSION = YES;
				GCC_WARN_ABOUT_RETURN_TYPE = YES_ERROR;
				GCC_WARN_UNDECLARED_SELECTOR = YES;
				GCC_WARN_UNINITIALIZED_AUTOS = YES_AGGRESSIVE;
				GCC_WARN_UNUSED_FUNCTION = YES;
				GCC_WARN_UNUSED_VARIABLE = YES;
				MACOSX_DEPLOYMENT_TARGET = 10.11;
				MTL_ENABLE_DEBUG_INFO = YES;
				ONLY_ACTIVE_ARCH = YES;
				SDKROOT = macosx;
				SWIFT_OPTIMIZATION_LEVEL = "-Onone";
			};
			name = Debug;
		};
		43C174301DC09F4600E59E48 /* Release */ = {
			isa = XCBuildConfiguration;
			buildSettings = {
				ALWAYS_SEARCH_USER_PATHS = NO;
				CLANG_ANALYZER_NONNULL = YES;
				CLANG_CXX_LANGUAGE_STANDARD = "gnu++0x";
				CLANG_CXX_LIBRARY = "libc++";
				CLANG_ENABLE_MODULES = YES;
				CLANG_ENABLE_OBJC_ARC = YES;
				CLANG_WARN_BOOL_CONVERSION = YES;
				CLANG_WARN_CONSTANT_CONVERSION = YES;
				CLANG_WARN_DIRECT_OBJC_ISA_USAGE = YES_ERROR;
				CLANG_WARN_DOCUMENTATION_COMMENTS = YES;
				CLANG_WARN_EMPTY_BODY = YES;
				CLANG_WARN_ENUM_CONVERSION = YES;
				CLANG_WARN_INFINITE_RECURSION = YES;
				CLANG_WARN_INT_CONVERSION = YES;
				CLANG_WARN_OBJC_ROOT_CLASS = YES_ERROR;
				CLANG_WARN_SUSPICIOUS_MOVES = YES;
				CLANG_WARN_UNREACHABLE_CODE = YES;
				CLANG_WARN__DUPLICATE_METHOD_MATCH = YES;
				CODE_SIGN_IDENTITY = "-";
				COPY_PHASE_STRIP = NO;
				DEBUG_INFORMATION_FORMAT = "dwarf-with-dsym";
				ENABLE_NS_ASSERTIONS = NO;
				ENABLE_STRICT_OBJC_MSGSEND = YES;
				GCC_C_LANGUAGE_STANDARD = gnu99;
				GCC_NO_COMMON_BLOCKS = YES;
				GCC_WARN_64_TO_32_BIT_CONVERSION = YES;
				GCC_WARN_ABOUT_RETURN_TYPE = YES_ERROR;
				GCC_WARN_UNDECLARED_SELECTOR = YES;
				GCC_WARN_UNINITIALIZED_AUTOS = YES_AGGRESSIVE;
				GCC_WARN_UNUSED_FUNCTION = YES;
				GCC_WARN_UNUSED_VARIABLE = YES;
				MACOSX_DEPLOYMENT_TARGET = 10.11;
				MTL_ENABLE_DEBUG_INFO = NO;
				SDKROOT = macosx;
			};
			name = Release;
		};
		43C174321DC09F4600E59E48 /* Debug */ = {
			isa = XCBuildConfiguration;
			baseConfigurationReference = D4C481053AA9BF32C0F606F9 /* Pods-Olympic.debug.xcconfig */;
			buildSettings = {
				PRODUCT_NAME = "$(TARGET_NAME)";
				SWIFT_VERSION = 3.0;
			};
			name = Debug;
		};
		43C174331DC09F4600E59E48 /* Release */ = {
			isa = XCBuildConfiguration;
			baseConfigurationReference = CBA30807A7A34361A11A300D /* Pods-Olympic.release.xcconfig */;
			buildSettings = {
				PRODUCT_NAME = "$(TARGET_NAME)";
				SWIFT_VERSION = 3.0;
			};
			name = Release;
		};
/* End XCBuildConfiguration section */

/* Begin XCConfigurationList section */
		43C174251DC09F4600E59E48 /* Build configuration list for PBXProject "Olympic" */ = {
			isa = XCConfigurationList;
			buildConfigurations = (
				43C1742F1DC09F4600E59E48 /* Debug */,
				43C174301DC09F4600E59E48 /* Release */,
			);
			defaultConfigurationIsVisible = 0;
			defaultConfigurationName = Release;
		};
		43C174311DC09F4600E59E48 /* Build configuration list for PBXNativeTarget "Olympic" */ = {
			isa = XCConfigurationList;
			buildConfigurations = (
				43C174321DC09F4600E59E48 /* Debug */,
				43C174331DC09F4600E59E48 /* Release */,
			);
			defaultConfigurationIsVisible = 0;
			defaultConfigurationName = Release;
		};
/* End XCConfigurationList section */
	};
	rootObject = 43C174221DC09F4600E59E48 /* Project object */;
}
